// !$*UTF8*$!
{
	archiveVersion = 1;
	classes = {
	};
	objectVersion = 48;
	objects = {

/* Begin PBXBuildFile section */
		8909309A204F95F9004E50C9 /* AppDelegate.m in Sources */ = {isa = PBXBuildFile; fileRef = 89093099204F95F9004E50C9 /* AppDelegate.m */; };
		8909309D204F95F9004E50C9 /* ViewController.m in Sources */ = {isa = PBXBuildFile; fileRef = 8909309C204F95F9004E50C9 /* ViewController.m */; };
		890930A0204F95F9004E50C9 /* Main.storyboard in Resources */ = {isa = PBXBuildFile; fileRef = 8909309E204F95F9004E50C9 /* Main.storyboard */; };
		890930A2204F95F9004E50C9 /* Assets.xcassets in Resources */ = {isa = PBXBuildFile; fileRef = 890930A1204F95F9004E50C9 /* Assets.xcassets */; };
		890930A5204F95F9004E50C9 /* LaunchScreen.storyboard in Resources */ = {isa = PBXBuildFile; fileRef = 890930A3204F95F9004E50C9 /* LaunchScreen.storyboard */; };
		890930A8204F95F9004E50C9 /* main.m in Sources */ = {isa = PBXBuildFile; fileRef = 890930A7204F95F9004E50C9 /* main.m */; };
/* End PBXBuildFile section */

/* Begin PBXFileReference section */
		89093095204F95F9004E50C9 /* TestHTTPDNS.app */ = {isa = PBXFileReference; explicitFileType = wrapper.application; includeInIndex = 0; path = TestHTTPDNS.app; sourceTree = BUILT_PRODUCTS_DIR; };
		89093098204F95F9004E50C9 /* AppDelegate.h */ = {isa = PBXFileReference; lastKnownFileType = sourcecode.c.h; path = AppDelegate.h; sourceTree = "<group>"; };
		89093099204F95F9004E50C9 /* AppDelegate.m */ = {isa = PBXFileReference; lastKnownFileType = sourcecode.c.objc; path = AppDelegate.m; sourceTree = "<group>"; };
		8909309B204F95F9004E50C9 /* ViewController.h */ = {isa = PBXFileReference; lastKnownFileType = sourcecode.c.h; path = ViewController.h; sourceTree = "<group>"; };
		8909309C204F95F9004E50C9 /* ViewController.m */ = {isa = PBXFileReference; lastKnownFileType = sourcecode.c.objc; path = ViewController.m; sourceTree = "<group>"; };
		8909309F204F95F9004E50C9 /* Base */ = {isa = PBXFileReference; lastKnownFileType = file.storyboard; name = Base; path = Base.lproj/Main.storyboard; sourceTree = "<group>"; };
		890930A1204F95F9004E50C9 /* Assets.xcassets */ = {isa = PBXFileReference; lastKnownFileType = folder.assetcatalog; path = Assets.xcassets; sourceTree = "<group>"; };
		890930A4204F95F9004E50C9 /* Base */ = {isa = PBXFileReference; lastKnownFileType = file.storyboard; name = Base; path = Base.lproj/LaunchScreen.storyboard; sourceTree = "<group>"; };
		890930A6204F95F9004E50C9 /* Info.plist */ = {isa = PBXFileReference; lastKnownFileType = text.plist.xml; path = Info.plist; sourceTree = "<group>"; };
		890930A7204F95F9004E50C9 /* main.m */ = {isa = PBXFileReference; lastKnownFileType = sourcecode.c.objc; path = main.m; sourceTree = "<group>"; };
/* End PBXFileReference section */

/* Begin PBXFrameworksBuildPhase section */
		89093092204F95F9004E50C9 /* Frameworks */ = {
			isa = PBXFrameworksBuildPhase;
			buildActionMask = 2147483647;
			files = (
			);
			runOnlyForDeploymentPostprocessing = 0;
		};
/* End PBXFrameworksBuildPhase section */

/* Begin PBXGroup section */
		8909308C204F95F9004E50C9 = {
			isa = PBXGroup;
			children = (
				89093097204F95F9004E50C9 /* TestHTTPDNS */,
				89093096204F95F9004E50C9 /* Products */,
			);
			sourceTree = "<group>";
		};
		89093096204F95F9004E50C9 /* Products */ = {
			isa = PBXGroup;
			children = (
				89093095204F95F9004E50C9 /* TestHTTPDNS.app */,
			);
			name = Products;
			sourceTree = "<group>";
		};
		89093097204F95F9004E50C9 /* TestHTTPDNS */ = {
			isa = PBXGroup;
			children = (
				89093098204F95F9004E50C9 /* AppDelegate.h */,
				89093099204F95F9004E50C9 /* AppDelegate.m */,
				8909309B204F95F9004E50C9 /* ViewController.h */,
				8909309C204F95F9004E50C9 /* ViewController.m */,
				8909309E204F95F9004E50C9 /* Main.storyboard */,
				890930A1204F95F9004E50C9 /* Assets.xcassets */,
				890930A3204F95F9004E50C9 /* LaunchScreen.storyboard */,
				890930A6204F95F9004E50C9 /* Info.plist */,
				890930A7204F95F9004E50C9 /* main.m */,
			);
			path = TestHTTPDNS;
			sourceTree = "<group>";
		};
/* End PBXGroup section */

/* Begin PBXNativeTarget section */
		89093094204F95F9004E50C9 /* TestHTTPDNS */ = {
			isa = PBXNativeTarget;
			buildConfigurationList = 890930AB204F95F9004E50C9 /* Build configuration list for PBXNativeTarget "TestHTTPDNS" */;
			buildPhases = (
				89093091204F95F9004E50C9 /* Sources */,
				89093092204F95F9004E50C9 /* Frameworks */,
				89093093204F95F9004E50C9 /* Resources */,
			);
			buildRules = (
			);
			dependencies = (
			);
			name = TestHTTPDNS;
			productName = TestHTTPDNS;
			productReference = 89093095204F95F9004E50C9 /* TestHTTPDNS.app */;
			productType = "com.apple.product-type.application";
		};
/* End PBXNativeTarget section */

/* Begin PBXProject section */
		8909308D204F95F9004E50C9 /* Project object */ = {
			isa = PBXProject;
			attributes = {
				LastUpgradeCheck = 0920;
				ORGANIZATIONNAME = KANGZUBIN;
				TargetAttributes = {
					89093094204F95F9004E50C9 = {
						CreatedOnToolsVersion = 9.2;
						ProvisioningStyle = Automatic;
					};
				};
			};
			buildConfigurationList = 89093090204F95F9004E50C9 /* Build configuration list for PBXProject "TestHTTPDNS" */;
			compatibilityVersion = "Xcode 8.0";
			developmentRegion = en;
			hasScannedForEncodings = 0;
			knownRegions = (
				en,
				Base,
			);
			mainGroup = 8909308C204F95F9004E50C9;
			productRefGroup = 89093096204F95F9004E50C9 /* Products */;
			projectDirPath = "";
			projectRoot = "";
			targets = (
				89093094204F95F9004E50C9 /* TestHTTPDNS */,
			);
		};
/* End PBXProject section */

/* Begin PBXResourcesBuildPhase section */
		89093093204F95F9004E50C9 /* Resources */ = {
			isa = PBXResourcesBuildPhase;
			buildActionMask = 2147483647;
			files = (
				890930A5204F95F9004E50C9 /* LaunchScreen.storyboard in Resources */,
				890930A2204F95F9004E50C9 /* Assets.xcassets in Resources */,
				890930A0204F95F9004E50C9 /* Main.storyboard in Resources */,
			);
			runOnlyForDeploymentPostprocessing = 0;
		};
/* End PBXResourcesBuildPhase section */

/* Begin PBXSourcesBuildPhase section */
		89093091204F95F9004E50C9 /* Sources */ = {
			isa = PBXSourcesBuildPhase;
			buildActionMask = 2147483647;
			files = (
				8909309D204F95F9004E50C9 /* ViewController.m in Sources */,
				890930A8204F95F9004E50C9 /* main.m in Sources */,
				8909309A204F95F9004E50C9 /* AppDelegate.m in Sources */,
			);
			runOnlyForDeploymentPostprocessing = 0;
		};
/* End PBXSourcesBuildPhase section */

/* Begin PBXVariantGroup section */
		8909309E204F95F9004E50C9 /* Main.storyboard */ = {
			isa = PBXVariantGroup;
			children = (
				8909309F204F95F9004E50C9 /* Base */,
			);
			name = Main.storyboard;
			sourceTree = "<group>";
		};
		890930A3204F95F9004E50C9 /* LaunchScreen.storyboard */ = {
			isa = PBXVariantGroup;
			children = (
				890930A4204F95F9004E50C9 /* Base */,
			);
			name = LaunchScreen.storyboard;
			sourceTree = "<group>";
		};
/* End PBXVariantGroup section */

/* Begin XCBuildConfiguration section */
		890930A9204F95F9004E50C9 /* Debug */ = {
			isa = XCBuildConfiguration;
			buildSettings = {
				ALWAYS_SEARCH_USER_PATHS = NO;
				CLANG_ANALYZER_NONNULL = YES;
				CLANG_ANALYZER_NUMBER_OBJECT_CONVERSION = YES_AGGRESSIVE;
				CLANG_CXX_LANGUAGE_STANDARD = "gnu++14";
				CLANG_CXX_LIBRARY = "libc++";
				CLANG_ENABLE_MODULES = YES;
				CLANG_ENABLE_OBJC_ARC = YES;
				CLANG_WARN_BLOCK_CAPTURE_AUTORELEASING = YES;
				CLANG_WARN_BOOL_CONVERSION = YES;
				CLANG_WARN_COMMA = YES;
				CLANG_WARN_CONSTANT_CONVERSION = YES;
				CLANG_WARN_DIRECT_OBJC_ISA_USAGE = YES_ERROR;
				CLANG_WARN_DOCUMENTATION_COMMENTS = YES;
				CLANG_WARN_EMPTY_BODY = YES;
				CLANG_WARN_ENUM_CONVERSION = YES;
				CLANG_WARN_INFINITE_RECURSION = YES;
				CLANG_WARN_INT_CONVERSION = YES;
				CLANG_WARN_NON_LITERAL_NULL_CONVERSION = YES;
				CLANG_WARN_OBJC_LITERAL_CONVERSION = YES;
				CLANG_WARN_OBJC_ROOT_CLASS = YES_ERROR;
				CLANG_WARN_RANGE_LOOP_ANALYSIS = YES;
				CLANG_WARN_STRICT_PROTOTYPES = YES;
				CLANG_WARN_SUSPICIOUS_MOVE = YES;
				CLANG_WARN_UNGUARDED_AVAILABILITY = YES_AGGRESSIVE;
				CLANG_WARN_UNREACHABLE_CODE = YES;
				CLANG_WARN__DUPLICATE_METHOD_MATCH = YES;
				CODE_SIGN_IDENTITY = "iPhone Developer";
				COPY_PHASE_STRIP = NO;
				DEBUG_INFORMATION_FORMAT = dwarf;
				ENABLE_STRICT_OBJC_MSGSEND = YES;
				ENABLE_TESTABILITY = YES;
				GCC_C_LANGUAGE_STANDARD = gnu11;
				GCC_DYNAMIC_NO_PIC = NO;
				GCC_NO_COMMON_BLOCKS = YES;
				GCC_OPTIMIZATION_LEVEL = 0;
				GCC_PREPROCESSOR_DEFINITIONS = (
					"DEBUG=1",
					"$(inherited)",
				);
				GCC_WARN_64_TO_32_BIT_CONVERSION = YES;
				GCC_WARN_ABOUT_RETURN_TYPE = YES_ERROR;
				GCC_WARN_UNDECLARED_SELECTOR = YES;
				GCC_WARN_UNINITIALIZED_AUTOS = YES_AGGRESSIVE;
				GCC_WARN_UNUSED_FUNCTION = YES;
				GCC_WARN_UNUSED_VARIABLE = YES;
				IPHONEOS_DEPLOYMENT_TARGET = 10.0;
				MTL_ENABLE_DEBUG_INFO = YES;
				ONLY_ACTIVE_ARCH = YES;
				SDKROOT = iphoneos;
			};
			name = Debug;
		};
		890930AA204F95F9004E50C9 /* Release */ = {
			isa = XCBuildConfiguration;
			buildSettings = {
				ALWAYS_SEARCH_USER_PATHS = NO;
				CLANG_ANALYZER_NONNULL = YES;
				CLANG_ANALYZER_NUMBER_OBJECT_CONVERSION = YES_AGGRESSIVE;
				CLANG_CXX_LANGUAGE_STANDARD = "gnu++14";
				CLANG_CXX_LIBRARY = "libc++";
				CLANG_ENABLE_MODULES = YES;
				CLANG_ENABLE_OBJC_ARC = YES;
				CLANG_WARN_BLOCK_CAPTURE_AUTORELEASING = YES;
				CLANG_WARN_BOOL_CONVERSION = YES;
				CLANG_WARN_COMMA = YES;
				CLANG_WARN_CONSTANT_CONVERSION = YES;
				CLANG_WARN_DIRECT_OBJC_ISA_USAGE = YES_ERROR;
				CLANG_WARN_DOCUMENTATION_COMMENTS = YES;
				CLANG_WARN_EMPTY_BODY = YES;
				CLANG_WARN_ENUM_CONVERSION = YES;
				CLANG_WARN_INFINITE_RECURSION = YES;
				CLANG_WARN_INT_CONVERSION = YES;
				CLANG_WARN_NON_LITERAL_NULL_CONVERSION = YES;
				CLANG_WARN_OBJC_LITERAL_CONVERSION = YES;
				CLANG_WARN_OBJC_ROOT_CLASS = YES_ERROR;
				CLANG_WARN_RANGE_LOOP_ANALYSIS = YES;
				CLANG_WARN_STRICT_PROTOTYPES = YES;
				CLANG_WARN_SUSPICIOUS_MOVE = YES;
				CLANG_WARN_UNGUARDED_AVAILABILITY = YES_AGGRESSIVE;
				CLANG_WARN_UNREACHABLE_CODE = YES;
				CLANG_WARN__DUPLICATE_METHOD_MATCH = YES;
				CODE_SIGN_IDENTITY = "iPhone Developer";
				COPY_PHASE_STRIP = NO;
				DEBUG_INFORMATION_FORMAT = "dwarf-with-dsym";
				ENABLE_NS_ASSERTIONS = NO;
				ENABLE_STRICT_OBJC_MSGSEND = YES;
				GCC_C_LANGUAGE_STANDARD = gnu11;
				GCC_NO_COMMON_BLOCKS = YES;
				GCC_WARN_64_TO_32_BIT_CONVERSION = YES;
				GCC_WARN_ABOUT_RETURN_TYPE = YES_ERROR;
				GCC_WARN_UNDECLARED_SELECTOR = YES;
				GCC_WARN_UNINITIALIZED_AUTOS = YES_AGGRESSIVE;
				GCC_WARN_UNUSED_FUNCTION = YES;
				GCC_WARN_UNUSED_VARIABLE = YES;
				IPHONEOS_DEPLOYMENT_TARGET = 10.0;
				MTL_ENABLE_DEBUG_INFO = NO;
				SDKROOT = iphoneos;
				VALIDATE_PRODUCT = YES;
			};
			name = Release;
		};
		890930AC204F95F9004E50C9 /* Debug */ = {
			isa = XCBuildConfiguration;
			buildSettings = {
				ASSETCATALOG_COMPILER_APPICON_NAME = AppIcon;
				CODE_SIGN_STYLE = Automatic;
				INFOPLIST_FILE = TestHTTPDNS/Info.plist;
				LD_RUNPATH_SEARCH_PATHS = "$(inherited) @executable_path/Frameworks";
				PRODUCT_BUNDLE_IDENTIFIER = com.kangzubin.TestHTTPDNS;
				PRODUCT_NAME = "$(TARGET_NAME)";
				TARGETED_DEVICE_FAMILY = "1,2";
			};
			name = Debug;
		};
		890930AD204F95F9004E50C9 /* Release */ = {
			isa = XCBuildConfiguration;
			buildSettings = {
				ASSETCATALOG_COMPILER_APPICON_NAME = AppIcon;
				CODE_SIGN_STYLE = Automatic;
				INFOPLIST_FILE = TestHTTPDNS/Info.plist;
				LD_RUNPATH_SEARCH_PATHS = "$(inherited) @executable_path/Frameworks";
				PRODUCT_BUNDLE_IDENTIFIER = com.kangzubin.TestHTTPDNS;
				PRODUCT_NAME = "$(TARGET_NAME)";
				TARGETED_DEVICE_FAMILY = "1,2";
			};
			name = Release;
		};
/* End XCBuildConfiguration section */

/* Begin XCConfigurationList section */
		89093090204F95F9004E50C9 /* Build configuration list for PBXProject "TestHTTPDNS" */ = {
			isa = XCConfigurationList;
			buildConfigurations = (
				890930A9204F95F9004E50C9 /* Debug */,
				890930AA204F95F9004E50C9 /* Release */,
			);
			defaultConfigurationIsVisible = 0;
			defaultConfigurationName = Release;
		};
		890930AB204F95F9004E50C9 /* Build configuration list for PBXNativeTarget "TestHTTPDNS" */ = {
			isa = XCConfigurationList;
			buildConfigurations = (
				890930AC204F95F9004E50C9 /* Debug */,
				890930AD204F95F9004E50C9 /* Release */,
			);
			defaultConfigurationIsVisible = 0;
			defaultConfigurationName = Release;
		};
/* End XCConfigurationList section */
	};
	rootObject = 8909308D204F95F9004E50C9 /* Project object */;
}
